
Microsoft Visual Studio Solution File, Format Version 10.00
# Visual C# Express 2008
Project("{FAE04EC0-301F-11D3-BF4B-00C04F79EFBC}") = "testPalette", "testPalette\testPalette.csproj", "{7FBC8872-F603-4789-AFEF-BDFA09A4DECC}"
EndProject
Global
	GlobalSection(SolutionConfigurationPlatforms) = preSolution
		Debug|Any CPU = Debug|Any CPU
		Release|Any CPU = Release|Any CPU
	EndGlobalSection
	GlobalSection(ProjectConfigurationPlatforms) = postSolution
		{7FBC8872-F603-4789-AFEF-BDFA09A4DECC}.Debug|Any CPU.ActiveCfg = Debug|Any CPU
		{7FBC8872-F603-4789-AFEF-BDFA09A4DECC}.Debug|Any CPU.Build.0 = Debug|Any CPU
		{7FBC8872-F603-4789-AFEF-BDFA09A4DECC}.Release|Any CPU.ActiveCfg = Release|Any CPU
		{7FBC8872-F603-4789-AFEF-BDFA09A4DECC}.Release|Any CPU.Build.0 = Release|Any CPU
	EndGlobalSection
	GlobalSection(SolutionProperties) = preSolution
		HideSolutionNode = FALSE
	EndGlobalSection
EndGlobal
